
Microsoft Visual Studio Solution File, Format Version 12.00
# Visual Studio Version 16
VisualStudioVersion = 16.0.31729.503
MinimumVisualStudioVersion = 10.0.40219.1
Project("{FAE04EC0-301F-11D3-BF4B-00C04F79EFBC}") = "Presentation", "PRESENTATION\Presentation.csproj", "{0B92A584-436B-4183-B180-2D7921DCFF9A}"
EndProject
Project("{FAE04EC0-301F-11D3-BF4B-00C04F79EFBC}") = "Domain", "DOMAIN\Domain.csproj", "{5CD4E8C7-07FC-44E6-A0A8-5A04C6D7234A}"
EndProject
Project("{FAE04EC0-301F-11D3-BF4B-00C04F79EFBC}") = "DataAccess", "DATAACCES\DataAccess.csproj", "{764A1FFF-EDC1-47EF-A70F-E0D3B5326C57}"
EndProject
Global
	GlobalSection(SolutionConfigurationPlatforms) = preSolution
		Debug|Any CPU = Debug|Any CPU
		Release|Any CPU = Release|Any CPU
	EndGlobalSection
	GlobalSection(ProjectConfigurationPlatforms) = postSolution
		{0B92A584-436B-4183-B180-2D7921DCFF9A}.Debug|Any CPU.ActiveCfg = Debug|Any CPU
		{0B92A584-436B-4183-B180-2D7921DCFF9A}.Debug|Any CPU.Build.0 = Debug|Any CPU
		{0B92A584-436B-4183-B180-2D7921DCFF9A}.Release|Any CPU.ActiveCfg = Release|Any CPU
		{0B92A584-436B-4183-B180-2D7921DCFF9A}.Release|Any CPU.Build.0 = Release|Any CPU
		{5CD4E8C7-07FC-44E6-A0A8-5A04C6D7234A}.Debug|Any CPU.ActiveCfg = Debug|Any CPU
		{5CD4E8C7-07FC-44E6-A0A8-5A04C6D7234A}.Debug|Any CPU.Build.0 = Debug|Any CPU
		{5CD4E8C7-07FC-44E6-A0A8-5A04C6D7234A}.Release|Any CPU.ActiveCfg = Release|Any CPU
		{5CD4E8C7-07FC-44E6-A0A8-5A04C6D7234A}.Release|Any CPU.Build.0 = Release|Any CPU
		{764A1FFF-EDC1-47EF-A70F-E0D3B5326C57}.Debug|Any CPU.ActiveCfg = Debug|Any CPU
		{764A1FFF-EDC1-47EF-A70F-E0D3B5326C57}.Debug|Any CPU.Build.0 = Debug|Any CPU
		{764A1FFF-EDC1-47EF-A70F-E0D3B5326C57}.Release|Any CPU.ActiveCfg = Release|Any CPU
		{764A1FFF-EDC1-47EF-A70F-E0D3B5326C57}.Release|Any CPU.Build.0 = Release|Any CPU
	EndGlobalSection
	GlobalSection(SolutionProperties) = preSolution
		HideSolutionNode = FALSE
	EndGlobalSection
	GlobalSection(ExtensibilityGlobals) = postSolution
		SolutionGuid = {15DF18A3-E4E2-4A30-A323-5097593FCF2A}
	EndGlobalSection
EndGlobal
